{
  "name": "portfolio",
  "version": "1.0.0",
  "lockfileVersion": 3,
  "requires": true,
  "packages": {
    "": {
      "name": "portfolio",
      "version": "1.0.0",
      "license": "ISC",
      "dependencies": {
        "@builder.io/partytown": "^0.7.6"
      }
    },
    "node_modules/@builder.io/partytown": {
      "version": "0.7.6",
      "resolved": "https://registry.npmjs.org/@builder.io/partytown/-/partytown-0.7.6.tgz",
      "integrity": "sha512-snXIGNiZpqjno3XYQN2lbBB+05hsQR/LSttbtIW1c0gmZ7Kh/DIo0YrxlDxCDulAMFPFM8J+4voLwvYepSj3sw==",
      "bin": {
        "partytown": "bin/partytown.cjs"
      }
    }
  }
}
